
Microsoft Visual Studio Solution File, Format Version 12.00
# Visual Studio Version 16
VisualStudioVersion = 16.0.31624.102
MinimumVisualStudioVersion = 10.0.40219.1
Project("{FAE04EC0-301F-11D3-BF4B-00C04F79EFBC}") = "test1", "test1.csproj", "{2D2D8151-E785-4356-B307-EF1E98B39C91}"
EndProject
Global
	GlobalSection(SolutionConfigurationPlatforms) = preSolution
		Debug|Any CPU = Debug|Any CPU
		Release|Any CPU = Release|Any CPU
	EndGlobalSection
	GlobalSection(ProjectConfigurationPlatforms) = postSolution
		{2D2D8151-E785-4356-B307-EF1E98B39C91}.Debug|Any CPU.ActiveCfg = Debug|Any CPU
		{2D2D8151-E785-4356-B307-EF1E98B39C91}.Debug|Any CPU.Build.0 = Debug|Any CPU
		{2D2D8151-E785-4356-B307-EF1E98B39C91}.Release|Any CPU.ActiveCfg = Release|Any CPU
		{2D2D8151-E785-4356-B307-EF1E98B39C91}.Release|Any CPU.Build.0 = Release|Any CPU
	EndGlobalSection
	GlobalSection(SolutionProperties) = preSolution
		HideSolutionNode = FALSE
	EndGlobalSection
	GlobalSection(ExtensibilityGlobals) = postSolution
		SolutionGuid = {EE7C2A0E-E7C5-4859-8074-79A0A82DF63F}
	EndGlobalSection
EndGlobal
